
Microsoft Visual Studio Solution File, Format Version 12.00
# Visual Studio Version 17
VisualStudioVersion = 17.0.32014.148
MinimumVisualStudioVersion = 10.0.40219.1
Project("{2150E333-8FDC-42A3-9474-1A3956D46DE8}") = "FrontEnd", "FrontEnd", "{4780516C-2CB1-4DF2-AE13-7AA861416CAF}"
EndProject
Project("{2150E333-8FDC-42A3-9474-1A3956D46DE8}") = "Services", "Services", "{D1E1E860-C9A4-4B91-9469-CDDDF839E8ED}"
EndProject
Project("{9A19103F-16F7-4668-BE54-9A1E7A4F7556}") = "GeekShopping.Web", "GeekShopping.Web\GeekShopping.Web.csproj", "{F51A97CA-66DF-48A5-8B6A-86CF8DFD2F59}"
EndProject
Project("{9A19103F-16F7-4668-BE54-9A1E7A4F7556}") = "GeekShopping.ProductAPI", "GeekShopping.ProductAPI\GeekShopping.ProductAPI.csproj", "{DBBEDE8F-964F-4057-8C8A-210CD6239920}"
EndProject
Project("{9A19103F-16F7-4668-BE54-9A1E7A4F7556}") = "GeekShopping.Identity", "GeekShopping.Identity\GeekShopping.Identity.csproj", "{663EAEEE-DD5E-46EA-A62F-DFB8692290CE}"
EndProject
Project("{E53339B2-1760-4266-BCC7-CA923CBCF16C}") = "docker-compose", "docker-compose.dcproj", "{F3617216-F1E0-44B4-8AC2-F1625973915C}"
EndProject
Project("{9A19103F-16F7-4668-BE54-9A1E7A4F7556}") = "GeekShopping.CartAPI", "GeekShopping.CartAPI\GeekShopping.CartAPI.csproj", "{607F2497-A669-4AC7-98FA-1F7F195E62AA}"
EndProject
Project("{9A19103F-16F7-4668-BE54-9A1E7A4F7556}") = "GeekShopping.CouponApi", "GeekShopping.CouponApi\GeekShopping.CouponApi.csproj", "{09BFFC56-5B94-4F29-9D50-20137A559F04}"
EndProject
Project("{2150E333-8FDC-42A3-9474-1A3956D46DE8}") = "Solution Items", "Solution Items", "{9321B825-6FC9-4DE0-B890-C038D369456E}"
	ProjectSection(SolutionItems) = preProject
		.editorconfig = .editorconfig
	EndProjectSection
EndProject
Project("{2150E333-8FDC-42A3-9474-1A3956D46DE8}") = "Integration", "Integration", "{D8FD8CE0-066D-4AEE-9070-5F423EF3FDA5}"
EndProject
Project("{9A19103F-16F7-4668-BE54-9A1E7A4F7556}") = "GeekShopping.MessageBus", "GeekShopping.MessageBus\GeekShopping.MessageBus.csproj", "{E140B279-85FE-4886-A505-C3B62E4CBE2E}"
EndProject
Project("{9A19103F-16F7-4668-BE54-9A1E7A4F7556}") = "GeekShopping.OrderApi", "GeekShopping.OrderApi\GeekShopping.OrderApi.csproj", "{47684FA7-9F81-4874-AA57-789EEB68BACF}"
EndProject
Global
	GlobalSection(SolutionConfigurationPlatforms) = preSolution
		Debug|Any CPU = Debug|Any CPU
		Release|Any CPU = Release|Any CPU
	EndGlobalSection
	GlobalSection(ProjectConfigurationPlatforms) = postSolution
		{F51A97CA-66DF-48A5-8B6A-86CF8DFD2F59}.Debug|Any CPU.ActiveCfg = Debug|Any CPU
		{F51A97CA-66DF-48A5-8B6A-86CF8DFD2F59}.Debug|Any CPU.Build.0 = Debug|Any CPU
		{F51A97CA-66DF-48A5-8B6A-86CF8DFD2F59}.Release|Any CPU.ActiveCfg = Release|Any CPU
		{F51A97CA-66DF-48A5-8B6A-86CF8DFD2F59}.Release|Any CPU.Build.0 = Release|Any CPU
		{DBBEDE8F-964F-4057-8C8A-210CD6239920}.Debug|Any CPU.ActiveCfg = Debug|Any CPU
		{DBBEDE8F-964F-4057-8C8A-210CD6239920}.Debug|Any CPU.Build.0 = Debug|Any CPU
		{DBBEDE8F-964F-4057-8C8A-210CD6239920}.Release|Any CPU.ActiveCfg = Release|Any CPU
		{DBBEDE8F-964F-4057-8C8A-210CD6239920}.Release|Any CPU.Build.0 = Release|Any CPU
		{663EAEEE-DD5E-46EA-A62F-DFB8692290CE}.Debug|Any CPU.ActiveCfg = Debug|Any CPU
		{663EAEEE-DD5E-46EA-A62F-DFB8692290CE}.Debug|Any CPU.Build.0 = Debug|Any CPU
		{663EAEEE-DD5E-46EA-A62F-DFB8692290CE}.Release|Any CPU.ActiveCfg = Release|Any CPU
		{663EAEEE-DD5E-46EA-A62F-DFB8692290CE}.Release|Any CPU.Build.0 = Release|Any CPU
		{F3617216-F1E0-44B4-8AC2-F1625973915C}.Debug|Any CPU.ActiveCfg = Debug|Any CPU
		{F3617216-F1E0-44B4-8AC2-F1625973915C}.Debug|Any CPU.Build.0 = Debug|Any CPU
		{F3617216-F1E0-44B4-8AC2-F1625973915C}.Release|Any CPU.ActiveCfg = Release|Any CPU
		{F3617216-F1E0-44B4-8AC2-F1625973915C}.Release|Any CPU.Build.0 = Release|Any CPU
		{607F2497-A669-4AC7-98FA-1F7F195E62AA}.Debug|Any CPU.ActiveCfg = Debug|Any CPU
		{607F2497-A669-4AC7-98FA-1F7F195E62AA}.Debug|Any CPU.Build.0 = Debug|Any CPU
		{607F2497-A669-4AC7-98FA-1F7F195E62AA}.Release|Any CPU.ActiveCfg = Release|Any CPU
		{607F2497-A669-4AC7-98FA-1F7F195E62AA}.Release|Any CPU.Build.0 = Release|Any CPU
		{09BFFC56-5B94-4F29-9D50-20137A559F04}.Debug|Any CPU.ActiveCfg = Debug|Any CPU
		{09BFFC56-5B94-4F29-9D50-20137A559F04}.Debug|Any CPU.Build.0 = Debug|Any CPU
		{09BFFC56-5B94-4F29-9D50-20137A559F04}.Release|Any CPU.ActiveCfg = Release|Any CPU
		{09BFFC56-5B94-4F29-9D50-20137A559F04}.Release|Any CPU.Build.0 = Release|Any CPU
		{E140B279-85FE-4886-A505-C3B62E4CBE2E}.Debug|Any CPU.ActiveCfg = Debug|Any CPU
		{E140B279-85FE-4886-A505-C3B62E4CBE2E}.Debug|Any CPU.Build.0 = Debug|Any CPU
		{E140B279-85FE-4886-A505-C3B62E4CBE2E}.Release|Any CPU.ActiveCfg = Release|Any CPU
		{E140B279-85FE-4886-A505-C3B62E4CBE2E}.Release|Any CPU.Build.0 = Release|Any CPU
		{47684FA7-9F81-4874-AA57-789EEB68BACF}.Debug|Any CPU.ActiveCfg = Debug|Any CPU
		{47684FA7-9F81-4874-AA57-789EEB68BACF}.Debug|Any CPU.Build.0 = Debug|Any CPU
		{47684FA7-9F81-4874-AA57-789EEB68BACF}.Release|Any CPU.ActiveCfg = Release|Any CPU
		{47684FA7-9F81-4874-AA57-789EEB68BACF}.Release|Any CPU.Build.0 = Release|Any CPU
	EndGlobalSection
	GlobalSection(SolutionProperties) = preSolution
		HideSolutionNode = FALSE
	EndGlobalSection
	GlobalSection(NestedProjects) = preSolution
		{F51A97CA-66DF-48A5-8B6A-86CF8DFD2F59} = {4780516C-2CB1-4DF2-AE13-7AA861416CAF}
		{DBBEDE8F-964F-4057-8C8A-210CD6239920} = {D1E1E860-C9A4-4B91-9469-CDDDF839E8ED}
		{663EAEEE-DD5E-46EA-A62F-DFB8692290CE} = {D1E1E860-C9A4-4B91-9469-CDDDF839E8ED}
		{607F2497-A669-4AC7-98FA-1F7F195E62AA} = {D1E1E860-C9A4-4B91-9469-CDDDF839E8ED}
		{09BFFC56-5B94-4F29-9D50-20137A559F04} = {D1E1E860-C9A4-4B91-9469-CDDDF839E8ED}
		{E140B279-85FE-4886-A505-C3B62E4CBE2E} = {D8FD8CE0-066D-4AEE-9070-5F423EF3FDA5}
		{47684FA7-9F81-4874-AA57-789EEB68BACF} = {D1E1E860-C9A4-4B91-9469-CDDDF839E8ED}
	EndGlobalSection
	GlobalSection(ExtensibilityGlobals) = postSolution
		SolutionGuid = {531A1C72-2A5A-41A4-883C-97EFAEDBC4CF}
	EndGlobalSection
EndGlobal
